
Microsoft Visual Studio Solution File, Format Version 12.00
# Visual Studio 15
VisualStudioVersion = 15.0.28307.271
MinimumVisualStudioVersion = 10.0.40219.1
Project("{FAE04EC0-301F-11D3-BF4B-00C04F79EFBC}") = "Game_Towde", "Game_Towde\Game_Towde.csproj", "{E24D4D6C-DDD3-4A25-8BF0-9AAB7DE988BB}"
EndProject
Global
	GlobalSection(SolutionConfigurationPlatforms) = preSolution
		Debug|x86 = Debug|x86
		Release|x86 = Release|x86
	EndGlobalSection
	GlobalSection(ProjectConfigurationPlatforms) = postSolution
		{E24D4D6C-DDD3-4A25-8BF0-9AAB7DE988BB}.Debug|x86.ActiveCfg = Debug|x86
		{E24D4D6C-DDD3-4A25-8BF0-9AAB7DE988BB}.Debug|x86.Build.0 = Debug|x86
		{E24D4D6C-DDD3-4A25-8BF0-9AAB7DE988BB}.Release|x86.ActiveCfg = Release|x86
		{E24D4D6C-DDD3-4A25-8BF0-9AAB7DE988BB}.Release|x86.Build.0 = Release|x86
	EndGlobalSection
	GlobalSection(SolutionProperties) = preSolution
		HideSolutionNode = FALSE
	EndGlobalSection
	GlobalSection(ExtensibilityGlobals) = postSolution
		SolutionGuid = {BE0B1F39-4503-42BF-8B68-D2296E86A97F}
	EndGlobalSection
EndGlobal
